
Microsoft Visual Studio Solution File, Format Version 12.00
# Visual Studio Version 17
VisualStudioVersion = 17.4.33122.133
MinimumVisualStudioVersion = 10.0.40219.1
Project("{FAE04EC0-301F-11D3-BF4B-00C04F79EFBC}") = "IAmAGame-Backend", "IAmAGame-Backend\IAmAGame-Backend.csproj", "{C28BE8EE-1514-4540-B0D5-881B45FA47C2}"
EndProject
Global
	GlobalSection(SolutionConfigurationPlatforms) = preSolution
		Debug|Any CPU = Debug|Any CPU
		Release|Any CPU = Release|Any CPU
	EndGlobalSection
	GlobalSection(ProjectConfigurationPlatforms) = postSolution
		{C28BE8EE-1514-4540-B0D5-881B45FA47C2}.Debug|Any CPU.ActiveCfg = Debug|Any CPU
		{C28BE8EE-1514-4540-B0D5-881B45FA47C2}.Debug|Any CPU.Build.0 = Debug|Any CPU
		{C28BE8EE-1514-4540-B0D5-881B45FA47C2}.Release|Any CPU.ActiveCfg = Release|Any CPU
		{C28BE8EE-1514-4540-B0D5-881B45FA47C2}.Release|Any CPU.Build.0 = Release|Any CPU
	EndGlobalSection
	GlobalSection(SolutionProperties) = preSolution
		HideSolutionNode = FALSE
	EndGlobalSection
	GlobalSection(ExtensibilityGlobals) = postSolution
		SolutionGuid = {E01AD7F8-75BC-48DB-B85A-3AC45B8FABEE}
	EndGlobalSection
EndGlobal
